<?xml version="1.0" encoding="utf-8"?>
<Project ToolsVersion="4.0" xmlns="http://schemas.microsoft.com/developer/msbuild/2003">
  <ItemGroup>
    <Filter Include="Source Files">
      <UniqueIdentifier>{4FC737F1-C7A5-4376-A066-2A32D752A2FF}</UniqueIdentifier>
      <Extensions>cpp;c;cc;cxx;c++;cppm;ixx;def;odl;idl;hpj;bat;asm;asmx</Extensions>
    </Filter>
    <Filter Include="Header Files">
      <UniqueIdentifier>{93995380-89BD-4b04-88EB-625FBE52EBFB}</UniqueIdentifier>
      <Extensions>h;hh;hpp;hxx;h++;hm;inl;inc;ipp;xsd</Extensions>
    </Filter>
    <Filter Include="Resource Files">
      <UniqueIdentifier>{67DA6AB6-F800-4c08-8B7A-83BB121AAD01}</UniqueIdentifier>
      <Extensions>rc;ico;cur;bmp;dlg;rc2;rct;bin;rgs;gif;jpg;jpeg;jpe;resx;tiff;tif;png;wav;mfcribbon-ms</Extensions>
    </Filter>
  </ItemGroup>
  <ItemGroup>
    <None Include="packages.config" />
    <None Include="Shaders\PointLightShader\point_light.frag" />
    <None Include="Shaders\PointLightShader\point_light.vert" />
    <None Include="Shaders\PointLightShader\compile_point.bat">
      <Filter>Source Files</Filter>
    </None>
    <None Include="Shaders\TextureShader\simple_shader_with_texture.vert" />
    <None Include="Shaders\TextureShader\simple_shader_with_texture.frag" />
    <None Include="Shaders\TextureShader\compile_simple_texture.bat">
      <Filter>Source Files</Filter>
    </None>
    <None Include="Shaders\ParticleSystemShader\compile_particle_system.bat">
      <Filter>Source Files</Filter>
    </None>
    <None Include="Shaders\ParticleSystemShader\particle_compute.comp" />
    <None Include="Shaders\ParticleSystemShader\particle_compute.comp.spv" />
    <None Include="Shaders\ParticleSystemShader\particle_shader.frag" />
    <None Include="Shaders\ParticleSystemShader\particle_shader.vert" />
  </ItemGroup>
  <ItemGroup>
    <ClInclude Include="Renderer\WinApplication.h">
      <Filter>Source Files</Filter>
    </ClInclude>
    <ClInclude Include="Application.h">
      <Filter>Source Files</Filter>
    </ClInclude>
    <ClInclude Include="Utils\ValidationLayers.h">
      <Filter>Source Files</Filter>
    </ClInclude>
    <ClInclude Include="Utils\AREngineIncludes.h">
      <Filter>Source Files</Filter>
    </ClInclude>
    <ClInclude Include="Devices.h">
      <Filter>Source Files</Filter>
    </ClInclude>
    <ClInclude Include="Renderer\SwapChain.h">
      <Filter>Source Files</Filter>
    </ClInclude>
    <ClInclude Include="RenderSystem\GraphicsPipeline.h">
      <Filter>Header Files</Filter>
    </ClInclude>
    <ClInclude Include="Utils\AREngineDefines.h">
      <Filter>Header Files</Filter>
    </ClInclude>
    <ClInclude Include="VulkanInstance.h">
      <Filter>Header Files</Filter>
    </ClInclude>
    <ClInclude Include="Model.h">
      <Filter>Header Files</Filter>
    </ClInclude>
    <ClInclude Include="GameObject.h">
      <Filter>Header Files</Filter>
    </ClInclude>
    <ClInclude Include="Renderer\Renderer.h">
      <Filter>Header Files</Filter>
    </ClInclude>
    <ClInclude Include="RenderSystem\SimpleRenderSystem.h">
      <Filter>Header Files</Filter>
    </ClInclude>
    <ClInclude Include="Camera.h">
      <Filter>Header Files</Filter>
    </ClInclude>
    <ClInclude Include="Input\KeyboardMovementController.h">
      <Filter>Header Files</Filter>
    </ClInclude>
    <ClInclude Include="Input\tiny_obj_loader.h">
      <Filter>Header Files</Filter>
    </ClInclude>
    <ClInclude Include="Utils\utils.h">
      <Filter>Header Files</Filter>
    </ClInclude>
    <ClInclude Include="Buffer.h">
      <Filter>Header Files</Filter>
    </ClInclude>
    <ClInclude Include="FrameInfo.h">
      <Filter>Header Files</Filter>
    </ClInclude>
    <ClInclude Include="Descriptors.h">
      <Filter>Header Files</Filter>
    </ClInclude>
    <ClInclude Include="RenderSystem\PointLightSystem.h">
      <Filter>Header Files</Filter>
    </ClInclude>
    <ClInclude Include="Texture.h">
      <Filter>Header Files</Filter>
    </ClInclude>
    <ClInclude Include="ParticleSystem\PointCloud.h">
      <Filter>Header Files</Filter>
    </ClInclude>
    <ClInclude Include="ParticleSystem\ParticleSystem.h">
      <Filter>Header Files</Filter>
    </ClInclude>
    <ClInclude Include="ParticleSystem\ComputePipeline.h">
      <Filter>Header Files</Filter>
    </ClInclude>
  </ItemGroup>
  <ItemGroup>
    <ClCompile Include="main.cpp">
      <Filter>Source Files</Filter>
    </ClCompile>
    <ClCompile Include="Renderer\WinApplication.cpp">
      <Filter>Source Files</Filter>
    </ClCompile>
    <ClCompile Include="Application.cpp">
      <Filter>Source Files</Filter>
    </ClCompile>
    <ClCompile Include="Utils\ValidationLayers.cpp">
      <Filter>Source Files</Filter>
    </ClCompile>
    <ClCompile Include="Devices.cpp">
      <Filter>Source Files</Filter>
    </ClCompile>
    <ClCompile Include="Renderer\SwapChain.cpp">
      <Filter>Source Files</Filter>
    </ClCompile>
    <ClCompile Include="RenderSystem\GraphicsPipeline.cpp">
      <Filter>Source Files</Filter>
    </ClCompile>
    <ClCompile Include="VulkanInstance.cpp">
      <Filter>Source Files</Filter>
    </ClCompile>
    <ClCompile Include="Model.cpp">
      <Filter>Source Files</Filter>
    </ClCompile>
    <ClCompile Include="Renderer\Renderer.cpp">
      <Filter>Source Files</Filter>
    </ClCompile>
    <ClCompile Include="RenderSystem\SimpleRenderSystem.cpp">
      <Filter>Source Files</Filter>
    </ClCompile>
    <ClCompile Include="Camera.cpp">
      <Filter>Source Files</Filter>
    </ClCompile>
    <ClCompile Include="Input\KeyboardMovementController.cpp">
      <Filter>Source Files</Filter>
    </ClCompile>
    <ClCompile Include="GameObject.cpp">
      <Filter>Source Files</Filter>
    </ClCompile>
    <ClCompile Include="Buffer.cpp">
      <Filter>Source Files</Filter>
    </ClCompile>
    <ClCompile Include="Descriptors.cpp">
      <Filter>Source Files</Filter>
    </ClCompile>
    <ClCompile Include="RenderSystem\PointLightSystem.cpp">
      <Filter>Source Files</Filter>
    </ClCompile>
    <ClCompile Include="Texture.cpp">
      <Filter>Source Files</Filter>
    </ClCompile>
    <ClCompile Include="ParticleSystem\PointCloud.cpp">
      <Filter>Source Files</Filter>
    </ClCompile>
    <ClCompile Include="ParticleSystem\ParticleSystem.cpp">
      <Filter>Source Files</Filter>
    </ClCompile>
    <ClCompile Include="ParticleSystem\ComputePipeline.cpp">
      <Filter>Source Files</Filter>
    </ClCompile>
  </ItemGroup>
  <ItemGroup>
    <Text Include="Shaders\SimpleShader\simple_shader.vert" />
    <Text Include="Shaders\SimpleShader\simple_shader.frag" />
    <Text Include="Shaders\SimpleShader\compile_simple.bat" />
  </ItemGroup>
  <ItemGroup>
    <Object Include="Models\colored_cube.obj" />
    <Object Include="Models\cube.obj" />
    <Object Include="Models\flat_vase.obj" />
    <Object Include="Models\smooth_vase.obj" />
    <Object Include="Models\quad.obj" />
  </ItemGroup>
  <ItemGroup>
    <Image Include="Textures\ReadyPlayerMe-Avatar.jpeg">
      <Filter>Resource Files</Filter>
    </Image>
    <Image Include="Textures\meme.png">
      <Filter>Resource Files</Filter>
    </Image>
  </ItemGroup>
</Project>